
Microsoft Visual Studio Solution File, Format Version 12.00
# Visual Studio Version 17
VisualStudioVersion = 17.7.34202.233
MinimumVisualStudioVersion = 10.0.40219.1
Project("{FAE04EC0-301F-11D3-BF4B-00C04F79EFBC}") = "22.11 Практика Задание№4", "22.11 Практика Задание№4\22.11 Практика Задание№4.csproj", "{EB3C1AEF-3130-433E-AD1D-2408DAAFB6F1}"
EndProject
Global
	GlobalSection(SolutionConfigurationPlatforms) = preSolution
		Debug|Any CPU = Debug|Any CPU
		Release|Any CPU = Release|Any CPU
	EndGlobalSection
	GlobalSection(ProjectConfigurationPlatforms) = postSolution
		{EB3C1AEF-3130-433E-AD1D-2408DAAFB6F1}.Debug|Any CPU.ActiveCfg = Debug|Any CPU
		{EB3C1AEF-3130-433E-AD1D-2408DAAFB6F1}.Debug|Any CPU.Build.0 = Debug|Any CPU
		{EB3C1AEF-3130-433E-AD1D-2408DAAFB6F1}.Release|Any CPU.ActiveCfg = Release|Any CPU
		{EB3C1AEF-3130-433E-AD1D-2408DAAFB6F1}.Release|Any CPU.Build.0 = Release|Any CPU
	EndGlobalSection
	GlobalSection(SolutionProperties) = preSolution
		HideSolutionNode = FALSE
	EndGlobalSection
	GlobalSection(ExtensibilityGlobals) = postSolution
		SolutionGuid = {DA998808-575C-42AF-A099-D2BD9D1FCFE3}
	EndGlobalSection
EndGlobal
